
Microsoft Visual Studio Solution File, Format Version 12.00
# Visual Studio Version 16
VisualStudioVersion = 16.0.29905.134
MinimumVisualStudioVersion = 10.0.40219.1
Project("{FAE04EC0-301F-11D3-BF4B-00C04F79EFBC}") = "Paint_Red21", "Paint_Red21\Paint_Red21.csproj", "{BF72FB0A-45A2-4ED1-8F9D-D56E72C25C64}"
EndProject
Global
	GlobalSection(SolutionConfigurationPlatforms) = preSolution
		Debug|Any CPU = Debug|Any CPU
		Release|Any CPU = Release|Any CPU
	EndGlobalSection
	GlobalSection(ProjectConfigurationPlatforms) = postSolution
		{BF72FB0A-45A2-4ED1-8F9D-D56E72C25C64}.Debug|Any CPU.ActiveCfg = Debug|Any CPU
		{BF72FB0A-45A2-4ED1-8F9D-D56E72C25C64}.Debug|Any CPU.Build.0 = Debug|Any CPU
		{BF72FB0A-45A2-4ED1-8F9D-D56E72C25C64}.Release|Any CPU.ActiveCfg = Release|Any CPU
		{BF72FB0A-45A2-4ED1-8F9D-D56E72C25C64}.Release|Any CPU.Build.0 = Release|Any CPU
	EndGlobalSection
	GlobalSection(SolutionProperties) = preSolution
		HideSolutionNode = FALSE
	EndGlobalSection
	GlobalSection(ExtensibilityGlobals) = postSolution
		SolutionGuid = {59549C52-ED35-4226-88F9-68EF9ED2693E}
	EndGlobalSection
EndGlobal
